<?xml version="1.0" encoding="utf-8"?>
<Project ToolsVersion="4.0" xmlns="http://schemas.microsoft.com/developer/msbuild/2003">
  <ItemGroup>
    <Filter Include="Source Files">
      <UniqueIdentifier>{4FC737F1-C7A5-4376-A066-2A32D752A2FF}</UniqueIdentifier>
      <Extensions>cpp;c;cc;cxx;c++;cppm;ixx;def;odl;idl;hpj;bat;asm;asmx</Extensions>
    </Filter>
    <Filter Include="Header Files">
      <UniqueIdentifier>{93995380-89BD-4b04-88EB-625FBE52EBFB}</UniqueIdentifier>
      <Extensions>h;hh;hpp;hxx;h++;hm;inl;inc;ipp;xsd</Extensions>
    </Filter>
    <Filter Include="Resource Files">
      <UniqueIdentifier>{67DA6AB6-F800-4c08-8B7A-83BB121AAD01}</UniqueIdentifier>
      <Extensions>rc;ico;cur;bmp;dlg;rc2;rct;bin;rgs;gif;jpg;jpeg;jpe;resx;tiff;tif;png;wav;mfcribbon-ms</Extensions>
    </Filter>
    <Filter Include="Precompiled Header Config">
      <UniqueIdentifier>{97f8ebc9-09e6-4892-befc-fcdbf181e20a}</UniqueIdentifier>
    </Filter>
    <Filter Include="Menus">
      <UniqueIdentifier>{b9f0a025-3a42-4d24-a750-031ab515c299}</UniqueIdentifier>
    </Filter>
    <Filter Include="Washed Up">
      <UniqueIdentifier>{48ac6e8d-af0e-4cd0-b37e-e60b7e7c8ff9}</UniqueIdentifier>
    </Filter>
    <Filter Include="Washed Up\Collision System">
      <UniqueIdentifier>{fc7f31c9-0195-44b1-b184-433501f28cd7}</UniqueIdentifier>
    </Filter>
    <Filter Include="Washed Up\Sprites">
      <UniqueIdentifier>{61062b84-dd2b-481f-87e0-d97f1058b786}</UniqueIdentifier>
    </Filter>
  </ItemGroup>
  <ItemGroup>
    <ClCompile Include="win32Platform.cpp">
      <Filter>Source Files</Filter>
    </ClCompile>
    <ClCompile Include="renderer.cpp">
      <Filter>Source Files</Filter>
    </ClCompile>
    <ClCompile Include="pch.cpp">
      <Filter>Precompiled Header Config</Filter>
    </ClCompile>
    <ClCompile Include="washedUp.cpp">
      <Filter>Washed Up</Filter>
    </ClCompile>
  </ItemGroup>
  <ItemGroup>
    <ResourceCompile Include="Washed Up.rc">
      <Filter>Resource Files</Filter>
    </ResourceCompile>
  </ItemGroup>
  <ItemGroup>
    <Image Include="small.ico">
      <Filter>Resource Files</Filter>
    </Image>
    <Image Include="Washed Up.ico">
      <Filter>Resource Files</Filter>
    </Image>
  </ItemGroup>
  <ItemGroup>
    <ClInclude Include="pch.hpp">
      <Filter>Precompiled Header Config</Filter>
    </ClInclude>
    <ClInclude Include="menus.hpp">
      <Filter>Menus</Filter>
    </ClInclude>
    <ClInclude Include="scoreboard.hpp">
      <Filter>Menus</Filter>
    </ClInclude>
    <ClInclude Include="isInContact.hpp">
      <Filter>Washed Up\Collision System</Filter>
    </ClInclude>
    <ClInclude Include="Sprite.hpp">
      <Filter>Washed Up\Sprites</Filter>
    </ClInclude>
    <ClInclude Include="randomNumber.hpp">
      <Filter>Washed Up</Filter>
    </ClInclude>
  </ItemGroup>
</Project>